
Microsoft Visual Studio Solution File, Format Version 12.00
# Visual Studio Version 17
VisualStudioVersion = 17.8.34511.84
MinimumVisualStudioVersion = 10.0.40219.1
Project("{FAE04EC0-301F-11D3-BF4B-00C04F79EFBC}") = "FuelConsumption", "FuelConsumption\FuelConsumption.csproj", "{B3DD92D3-8849-47EC-95B0-E226271BF230}"
EndProject
Global
	GlobalSection(SolutionConfigurationPlatforms) = preSolution
		Debug|Any CPU = Debug|Any CPU
		Release|Any CPU = Release|Any CPU
	EndGlobalSection
	GlobalSection(ProjectConfigurationPlatforms) = postSolution
		{B3DD92D3-8849-47EC-95B0-E226271BF230}.Debug|Any CPU.ActiveCfg = Debug|Any CPU
		{B3DD92D3-8849-47EC-95B0-E226271BF230}.Debug|Any CPU.Build.0 = Debug|Any CPU
		{B3DD92D3-8849-47EC-95B0-E226271BF230}.Release|Any CPU.ActiveCfg = Release|Any CPU
		{B3DD92D3-8849-47EC-95B0-E226271BF230}.Release|Any CPU.Build.0 = Release|Any CPU
	EndGlobalSection
	GlobalSection(SolutionProperties) = preSolution
		HideSolutionNode = FALSE
	EndGlobalSection
	GlobalSection(ExtensibilityGlobals) = postSolution
		SolutionGuid = {5D8E071F-52D7-4640-BBB5-02DECB1E03F3}
	EndGlobalSection
EndGlobal
